// !$*UTF8*$!
{
	archiveVersion = 1;
	classes = {
	};
	objectVersion = 56;
	objects = {

/* Begin PBXBuildFile section */
		2C0D08D42AE5E7C100A6CDCC /* MemoryGameApp.swift in Sources */ = {isa = PBXBuildFile; fileRef = 2C0D08D32AE5E7C100A6CDCC /* MemoryGameApp.swift */; };
		2C0D08D62AE5E7C100A6CDCC /* ContentView.swift in Sources */ = {isa = PBXBuildFile; fileRef = 2C0D08D52AE5E7C100A6CDCC /* ContentView.swift */; };
		2C0D08D82AE5E7C300A6CDCC /* Assets.xcassets in Resources */ = {isa = PBXBuildFile; fileRef = 2C0D08D72AE5E7C300A6CDCC /* Assets.xcassets */; };
		2C0D08DB2AE5E7C300A6CDCC /* Preview Assets.xcassets in Resources */ = {isa = PBXBuildFile; fileRef = 2C0D08DA2AE5E7C300A6CDCC /* Preview Assets.xcassets */; };
		2C0D08E52AE5E7C300A6CDCC /* MemoryGameTests.swift in Sources */ = {isa = PBXBuildFile; fileRef = 2C0D08E42AE5E7C300A6CDCC /* MemoryGameTests.swift */; };
		2C0D08EF2AE5E7C300A6CDCC /* MemoryGameUITests.swift in Sources */ = {isa = PBXBuildFile; fileRef = 2C0D08EE2AE5E7C300A6CDCC /* MemoryGameUITests.swift */; };
		2C0D08F12AE5E7C300A6CDCC /* MemoryGameUITestsLaunchTests.swift in Sources */ = {isa = PBXBuildFile; fileRef = 2C0D08F02AE5E7C300A6CDCC /* MemoryGameUITestsLaunchTests.swift */; };
		2C0D09002AE5E81E00A6CDCC /* MemoryGame.swift in Sources */ = {isa = PBXBuildFile; fileRef = 2C0D08FF2AE5E81E00A6CDCC /* MemoryGame.swift */; };
		2C0D09022AE5E8A600A6CDCC /* CatMemoryGame.swift in Sources */ = {isa = PBXBuildFile; fileRef = 2C0D09012AE5E8A600A6CDCC /* CatMemoryGame.swift */; };
/* End PBXBuildFile section */

/* Begin PBXContainerItemProxy section */
		2C0D08E12AE5E7C300A6CDCC /* PBXContainerItemProxy */ = {
			isa = PBXContainerItemProxy;
			containerPortal = 2C0D08C82AE5E7C100A6CDCC /* Project object */;
			proxyType = 1;
			remoteGlobalIDString = 2C0D08CF2AE5E7C100A6CDCC;
			remoteInfo = MemoryGame;
		};
		2C0D08EB2AE5E7C300A6CDCC /* PBXContainerItemProxy */ = {
			isa = PBXContainerItemProxy;
			containerPortal = 2C0D08C82AE5E7C100A6CDCC /* Project object */;
			proxyType = 1;
			remoteGlobalIDString = 2C0D08CF2AE5E7C100A6CDCC;
			remoteInfo = MemoryGame;
		};
/* End PBXContainerItemProxy section */

/* Begin PBXFileReference section */
		2C0D08D02AE5E7C100A6CDCC /* MemoryGame.app */ = {isa = PBXFileReference; explicitFileType = wrapper.application; includeInIndex = 0; path = MemoryGame.app; sourceTree = BUILT_PRODUCTS_DIR; };
		2C0D08D32AE5E7C100A6CDCC /* MemoryGameApp.swift */ = {isa = PBXFileReference; lastKnownFileType = sourcecode.swift; path = MemoryGameApp.swift; sourceTree = "<group>"; };
		2C0D08D52AE5E7C100A6CDCC /* ContentView.swift */ = {isa = PBXFileReference; lastKnownFileType = sourcecode.swift; path = ContentView.swift; sourceTree = "<group>"; };
		2C0D08D72AE5E7C300A6CDCC /* Assets.xcassets */ = {isa = PBXFileReference; lastKnownFileType = folder.assetcatalog; path = Assets.xcassets; sourceTree = "<group>"; };
		2C0D08DA2AE5E7C300A6CDCC /* Preview Assets.xcassets */ = {isa = PBXFileReference; lastKnownFileType = folder.assetcatalog; path = "Preview Assets.xcassets"; sourceTree = "<group>"; };
		2C0D08E02AE5E7C300A6CDCC /* MemoryGameTests.xctest */ = {isa = PBXFileReference; explicitFileType = wrapper.cfbundle; includeInIndex = 0; path = MemoryGameTests.xctest; sourceTree = BUILT_PRODUCTS_DIR; };
		2C0D08E42AE5E7C300A6CDCC /* MemoryGameTests.swift */ = {isa = PBXFileReference; lastKnownFileType = sourcecode.swift; path = MemoryGameTests.swift; sourceTree = "<group>"; };
		2C0D08EA2AE5E7C300A6CDCC /* MemoryGameUITests.xctest */ = {isa = PBXFileReference; explicitFileType = wrapper.cfbundle; includeInIndex = 0; path = MemoryGameUITests.xctest; sourceTree = BUILT_PRODUCTS_DIR; };
		2C0D08EE2AE5E7C300A6CDCC /* MemoryGameUITests.swift */ = {isa = PBXFileReference; lastKnownFileType = sourcecode.swift; path = MemoryGameUITests.swift; sourceTree = "<group>"; };
		2C0D08F02AE5E7C300A6CDCC /* MemoryGameUITestsLaunchTests.swift */ = {isa = PBXFileReference; lastKnownFileType = sourcecode.swift; path = MemoryGameUITestsLaunchTests.swift; sourceTree = "<group>"; };
		2C0D08FF2AE5E81E00A6CDCC /* MemoryGame.swift */ = {isa = PBXFileReference; lastKnownFileType = sourcecode.swift; path = MemoryGame.swift; sourceTree = "<group>"; };
		2C0D09012AE5E8A600A6CDCC /* CatMemoryGame.swift */ = {isa = PBXFileReference; lastKnownFileType = sourcecode.swift; path = CatMemoryGame.swift; sourceTree = "<group>"; };
/* End PBXFileReference section */

/* Begin PBXFrameworksBuildPhase section */
		2C0D08CD2AE5E7C100A6CDCC /* Frameworks */ = {
			isa = PBXFrameworksBuildPhase;
			buildActionMask = 2147483647;
			files = (
			);
			runOnlyForDeploymentPostprocessing = 0;
		};
		2C0D08DD2AE5E7C300A6CDCC /* Frameworks */ = {
			isa = PBXFrameworksBuildPhase;
			buildActionMask = 2147483647;
			files = (
			);
			runOnlyForDeploymentPostprocessing = 0;
		};
		2C0D08E72AE5E7C300A6CDCC /* Frameworks */ = {
			isa = PBXFrameworksBuildPhase;
			buildActionMask = 2147483647;
			files = (
			);
			runOnlyForDeploymentPostprocessing = 0;
		};
/* End PBXFrameworksBuildPhase section */

/* Begin PBXGroup section */
		2C0D08C72AE5E7C100A6CDCC = {
			isa = PBXGroup;
			children = (
				2C0D08D22AE5E7C100A6CDCC /* MemoryGame */,
				2C0D08E32AE5E7C300A6CDCC /* MemoryGameTests */,
				2C0D08ED2AE5E7C300A6CDCC /* MemoryGameUITests */,
				2C0D08D12AE5E7C100A6CDCC /* Products */,
			);
			sourceTree = "<group>";
		};
		2C0D08D12AE5E7C100A6CDCC /* Products */ = {
			isa = PBXGroup;
			children = (
				2C0D08D02AE5E7C100A6CDCC /* MemoryGame.app */,
				2C0D08E02AE5E7C300A6CDCC /* MemoryGameTests.xctest */,
				2C0D08EA2AE5E7C300A6CDCC /* MemoryGameUITests.xctest */,
			);
			name = Products;
			sourceTree = "<group>";
		};
		2C0D08D22AE5E7C100A6CDCC /* MemoryGame */ = {
			isa = PBXGroup;
			children = (
				2C0D08D32AE5E7C100A6CDCC /* MemoryGameApp.swift */,
				2C0D08D52AE5E7C100A6CDCC /* ContentView.swift */,
				2C0D08D72AE5E7C300A6CDCC /* Assets.xcassets */,
				2C0D08FF2AE5E81E00A6CDCC /* MemoryGame.swift */,
				2C0D09012AE5E8A600A6CDCC /* CatMemoryGame.swift */,
				2C0D08D92AE5E7C300A6CDCC /* Preview Content */,
			);
			path = MemoryGame;
			sourceTree = "<group>";
		};
		2C0D08D92AE5E7C300A6CDCC /* Preview Content */ = {
			isa = PBXGroup;
			children = (
				2C0D08DA2AE5E7C300A6CDCC /* Preview Assets.xcassets */,
			);
			path = "Preview Content";
			sourceTree = "<group>";
		};
		2C0D08E32AE5E7C300A6CDCC /* MemoryGameTests */ = {
			isa = PBXGroup;
			children = (
				2C0D08E42AE5E7C300A6CDCC /* MemoryGameTests.swift */,
			);
			path = MemoryGameTests;
			sourceTree = "<group>";
		};
		2C0D08ED2AE5E7C300A6CDCC /* MemoryGameUITests */ = {
			isa = PBXGroup;
			children = (
				2C0D08EE2AE5E7C300A6CDCC /* MemoryGameUITests.swift */,
				2C0D08F02AE5E7C300A6CDCC /* MemoryGameUITestsLaunchTests.swift */,
			);
			path = MemoryGameUITests;
			sourceTree = "<group>";
		};
/* End PBXGroup section */

/* Begin PBXNativeTarget section */
		2C0D08CF2AE5E7C100A6CDCC /* MemoryGame */ = {
			isa = PBXNativeTarget;
			buildConfigurationList = 2C0D08F42AE5E7C300A6CDCC /* Build configuration list for PBXNativeTarget "MemoryGame" */;
			buildPhases = (
				2C0D08CC2AE5E7C100A6CDCC /* Sources */,
				2C0D08CD2AE5E7C100A6CDCC /* Frameworks */,
				2C0D08CE2AE5E7C100A6CDCC /* Resources */,
			);
			buildRules = (
			);
			dependencies = (
			);
			name = MemoryGame;
			productName = MemoryGame;
			productReference = 2C0D08D02AE5E7C100A6CDCC /* MemoryGame.app */;
			productType = "com.apple.product-type.application";
		};
		2C0D08DF2AE5E7C300A6CDCC /* MemoryGameTests */ = {
			isa = PBXNativeTarget;
			buildConfigurationList = 2C0D08F72AE5E7C300A6CDCC /* Build configuration list for PBXNativeTarget "MemoryGameTests" */;
			buildPhases = (
				2C0D08DC2AE5E7C300A6CDCC /* Sources */,
				2C0D08DD2AE5E7C300A6CDCC /* Frameworks */,
				2C0D08DE2AE5E7C300A6CDCC /* Resources */,
			);
			buildRules = (
			);
			dependencies = (
				2C0D08E22AE5E7C300A6CDCC /* PBXTargetDependency */,
			);
			name = MemoryGameTests;
			productName = MemoryGameTests;
			productReference = 2C0D08E02AE5E7C300A6CDCC /* MemoryGameTests.xctest */;
			productType = "com.apple.product-type.bundle.unit-test";
		};
		2C0D08E92AE5E7C300A6CDCC /* MemoryGameUITests */ = {
			isa = PBXNativeTarget;
			buildConfigurationList = 2C0D08FA2AE5E7C300A6CDCC /* Build configuration list for PBXNativeTarget "MemoryGameUITests" */;
			buildPhases = (
				2C0D08E62AE5E7C300A6CDCC /* Sources */,
				2C0D08E72AE5E7C300A6CDCC /* Frameworks */,
				2C0D08E82AE5E7C300A6CDCC /* Resources */,
			);
			buildRules = (
			);
			dependencies = (
				2C0D08EC2AE5E7C300A6CDCC /* PBXTargetDependency */,
			);
			name = MemoryGameUITests;
			productName = MemoryGameUITests;
			productReference = 2C0D08EA2AE5E7C300A6CDCC /* MemoryGameUITests.xctest */;
			productType = "com.apple.product-type.bundle.ui-testing";
		};
/* End PBXNativeTarget section */

/* Begin PBXProject section */
		2C0D08C82AE5E7C100A6CDCC /* Project object */ = {
			isa = PBXProject;
			attributes = {
				BuildIndependentTargetsInParallel = 1;
				LastSwiftUpdateCheck = 1430;
				LastUpgradeCheck = 1430;
				TargetAttributes = {
					2C0D08CF2AE5E7C100A6CDCC = {
						CreatedOnToolsVersion = 14.3.1;
					};
					2C0D08DF2AE5E7C300A6CDCC = {
						CreatedOnToolsVersion = 14.3.1;
						TestTargetID = 2C0D08CF2AE5E7C100A6CDCC;
					};
					2C0D08E92AE5E7C300A6CDCC = {
						CreatedOnToolsVersion = 14.3.1;
						TestTargetID = 2C0D08CF2AE5E7C100A6CDCC;
					};
				};
			};
			buildConfigurationList = 2C0D08CB2AE5E7C100A6CDCC /* Build configuration list for PBXProject "MemoryGame" */;
			compatibilityVersion = "Xcode 14.0";
			developmentRegion = en;
			hasScannedForEncodings = 0;
			knownRegions = (
				en,
				Base,
			);
			mainGroup = 2C0D08C72AE5E7C100A6CDCC;
			productRefGroup = 2C0D08D12AE5E7C100A6CDCC /* Products */;
			projectDirPath = "";
			projectRoot = "";
			targets = (
				2C0D08CF2AE5E7C100A6CDCC /* MemoryGame */,
				2C0D08DF2AE5E7C300A6CDCC /* MemoryGameTests */,
				2C0D08E92AE5E7C300A6CDCC /* MemoryGameUITests */,
			);
		};
/* End PBXProject section */

/* Begin PBXResourcesBuildPhase section */
		2C0D08CE2AE5E7C100A6CDCC /* Resources */ = {
			isa = PBXResourcesBuildPhase;
			buildActionMask = 2147483647;
			files = (
				2C0D08DB2AE5E7C300A6CDCC /* Preview Assets.xcassets in Resources */,
				2C0D08D82AE5E7C300A6CDCC /* Assets.xcassets in Resources */,
			);
			runOnlyForDeploymentPostprocessing = 0;
		};
		2C0D08DE2AE5E7C300A6CDCC /* Resources */ = {
			isa = PBXResourcesBuildPhase;
			buildActionMask = 2147483647;
			files = (
			);
			runOnlyForDeploymentPostprocessing = 0;
		};
		2C0D08E82AE5E7C300A6CDCC /* Resources */ = {
			isa = PBXResourcesBuildPhase;
			buildActionMask = 2147483647;
			files = (
			);
			runOnlyForDeploymentPostprocessing = 0;
		};
/* End PBXResourcesBuildPhase section */

/* Begin PBXSourcesBuildPhase section */
		2C0D08CC2AE5E7C100A6CDCC /* Sources */ = {
			isa = PBXSourcesBuildPhase;
			buildActionMask = 2147483647;
			files = (
				2C0D09002AE5E81E00A6CDCC /* MemoryGame.swift in Sources */,
				2C0D09022AE5E8A600A6CDCC /* CatMemoryGame.swift in Sources */,
				2C0D08D62AE5E7C100A6CDCC /* ContentView.swift in Sources */,
				2C0D08D42AE5E7C100A6CDCC /* MemoryGameApp.swift in Sources */,
			);
			runOnlyForDeploymentPostprocessing = 0;
		};
		2C0D08DC2AE5E7C300A6CDCC /* Sources */ = {
			isa = PBXSourcesBuildPhase;
			buildActionMask = 2147483647;
			files = (
				2C0D08E52AE5E7C300A6CDCC /* MemoryGameTests.swift in Sources */,
			);
			runOnlyForDeploymentPostprocessing = 0;
		};
		2C0D08E62AE5E7C300A6CDCC /* Sources */ = {
			isa = PBXSourcesBuildPhase;
			buildActionMask = 2147483647;
			files = (
				2C0D08EF2AE5E7C300A6CDCC /* MemoryGameUITests.swift in Sources */,
				2C0D08F12AE5E7C300A6CDCC /* MemoryGameUITestsLaunchTests.swift in Sources */,
			);
			runOnlyForDeploymentPostprocessing = 0;
		};
/* End PBXSourcesBuildPhase section */

/* Begin PBXTargetDependency section */
		2C0D08E22AE5E7C300A6CDCC /* PBXTargetDependency */ = {
			isa = PBXTargetDependency;
			target = 2C0D08CF2AE5E7C100A6CDCC /* MemoryGame */;
			targetProxy = 2C0D08E12AE5E7C300A6CDCC /* PBXContainerItemProxy */;
		};
		2C0D08EC2AE5E7C300A6CDCC /* PBXTargetDependency */ = {
			isa = PBXTargetDependency;
			target = 2C0D08CF2AE5E7C100A6CDCC /* MemoryGame */;
			targetProxy = 2C0D08EB2AE5E7C300A6CDCC /* PBXContainerItemProxy */;
		};
/* End PBXTargetDependency section */

/* Begin XCBuildConfiguration section */
		2C0D08F22AE5E7C300A6CDCC /* Debug */ = {
			isa = XCBuildConfiguration;
			buildSettings = {
				ALWAYS_SEARCH_USER_PATHS = NO;
				CLANG_ANALYZER_NONNULL = YES;
				CLANG_ANALYZER_NUMBER_OBJECT_CONVERSION = YES_AGGRESSIVE;
				CLANG_CXX_LANGUAGE_STANDARD = "gnu++20";
				CLANG_ENABLE_MODULES = YES;
				CLANG_ENABLE_OBJC_ARC = YES;
				CLANG_ENABLE_OBJC_WEAK = YES;
				CLANG_WARN_BLOCK_CAPTURE_AUTORELEASING = YES;
				CLANG_WARN_BOOL_CONVERSION = YES;
				CLANG_WARN_COMMA = YES;
				CLANG_WARN_CONSTANT_CONVERSION = YES;
				CLANG_WARN_DEPRECATED_OBJC_IMPLEMENTATIONS = YES;
				CLANG_WARN_DIRECT_OBJC_ISA_USAGE = YES_ERROR;
				CLANG_WARN_DOCUMENTATION_COMMENTS = YES;
				CLANG_WARN_EMPTY_BODY = YES;
				CLANG_WARN_ENUM_CONVERSION = YES;
				CLANG_WARN_INFINITE_RECURSION = YES;
				CLANG_WARN_INT_CONVERSION = YES;
				CLANG_WARN_NON_LITERAL_NULL_CONVERSION = YES;
				CLANG_WARN_OBJC_IMPLICIT_RETAIN_SELF = YES;
				CLANG_WARN_OBJC_LITERAL_CONVERSION = YES;
				CLANG_WARN_OBJC_ROOT_CLASS = YES_ERROR;
				CLANG_WARN_QUOTED_INCLUDE_IN_FRAMEWORK_HEADER = YES;
				CLANG_WARN_RANGE_LOOP_ANALYSIS = YES;
				CLANG_WARN_STRICT_PROTOTYPES = YES;
				CLANG_WARN_SUSPICIOUS_MOVE = YES;
				CLANG_WARN_UNGUARDED_AVAILABILITY = YES_AGGRESSIVE;
				CLANG_WARN_UNREACHABLE_CODE = YES;
				CLANG_WARN__DUPLICATE_METHOD_MATCH = YES;
				COPY_PHASE_STRIP = NO;
				DEBUG_INFORMATION_FORMAT = dwarf;
				ENABLE_STRICT_OBJC_MSGSEND = YES;
				ENABLE_TESTABILITY = YES;
				GCC_C_LANGUAGE_STANDARD = gnu11;
				GCC_DYNAMIC_NO_PIC = NO;
				GCC_NO_COMMON_BLOCKS = YES;
				GCC_OPTIMIZATION_LEVEL = 0;
				GCC_PREPROCESSOR_DEFINITIONS = (
					"DEBUG=1",
					"$(inherited)",
				);
				GCC_WARN_64_TO_32_BIT_CONVERSION = YES;
				GCC_WARN_ABOUT_RETURN_TYPE = YES_ERROR;
				GCC_WARN_UNDECLARED_SELECTOR = YES;
				GCC_WARN_UNINITIALIZED_AUTOS = YES_AGGRESSIVE;
				GCC_WARN_UNUSED_FUNCTION = YES;
				GCC_WARN_UNUSED_VARIABLE = YES;
				IPHONEOS_DEPLOYMENT_TARGET = 16.4;
				MTL_ENABLE_DEBUG_INFO = INCLUDE_SOURCE;
				MTL_FAST_MATH = YES;
				ONLY_ACTIVE_ARCH = YES;
				SDKROOT = iphoneos;
				SWIFT_ACTIVE_COMPILATION_CONDITIONS = DEBUG;
				SWIFT_OPTIMIZATION_LEVEL = "-Onone";
			};
			name = Debug;
		};
		2C0D08F32AE5E7C300A6CDCC /* Release */ = {
			isa = XCBuildConfiguration;
			buildSettings = {
				ALWAYS_SEARCH_USER_PATHS = NO;
				CLANG_ANALYZER_NONNULL = YES;
				CLANG_ANALYZER_NUMBER_OBJECT_CONVERSION = YES_AGGRESSIVE;
				CLANG_CXX_LANGUAGE_STANDARD = "gnu++20";
				CLANG_ENABLE_MODULES = YES;
				CLANG_ENABLE_OBJC_ARC = YES;
				CLANG_ENABLE_OBJC_WEAK = YES;
				CLANG_WARN_BLOCK_CAPTURE_AUTORELEASING = YES;
				CLANG_WARN_BOOL_CONVERSION = YES;
				CLANG_WARN_COMMA = YES;
				CLANG_WARN_CONSTANT_CONVERSION = YES;
				CLANG_WARN_DEPRECATED_OBJC_IMPLEMENTATIONS = YES;
				CLANG_WARN_DIRECT_OBJC_ISA_USAGE = YES_ERROR;
				CLANG_WARN_DOCUMENTATION_COMMENTS = YES;
				CLANG_WARN_EMPTY_BODY = YES;
				CLANG_WARN_ENUM_CONVERSION = YES;
				CLANG_WARN_INFINITE_RECURSION = YES;
				CLANG_WARN_INT_CONVERSION = YES;
				CLANG_WARN_NON_LITERAL_NULL_CONVERSION = YES;
				CLANG_WARN_OBJC_IMPLICIT_RETAIN_SELF = YES;
				CLANG_WARN_OBJC_LITERAL_CONVERSION = YES;
				CLANG_WARN_OBJC_ROOT_CLASS = YES_ERROR;
				CLANG_WARN_QUOTED_INCLUDE_IN_FRAMEWORK_HEADER = YES;
				CLANG_WARN_RANGE_LOOP_ANALYSIS = YES;
				CLANG_WARN_STRICT_PROTOTYPES = YES;
				CLANG_WARN_SUSPICIOUS_MOVE = YES;
				CLANG_WARN_UNGUARDED_AVAILABILITY = YES_AGGRESSIVE;
				CLANG_WARN_UNREACHABLE_CODE = YES;
				CLANG_WARN__DUPLICATE_METHOD_MATCH = YES;
				COPY_PHASE_STRIP = NO;
				DEBUG_INFORMATION_FORMAT = "dwarf-with-dsym";
				ENABLE_NS_ASSERTIONS = NO;
				ENABLE_STRICT_OBJC_MSGSEND = YES;
				GCC_C_LANGUAGE_STANDARD = gnu11;
				GCC_NO_COMMON_BLOCKS = YES;
				GCC_WARN_64_TO_32_BIT_CONVERSION = YES;
				GCC_WARN_ABOUT_RETURN_TYPE = YES_ERROR;
				GCC_WARN_UNDECLARED_SELECTOR = YES;
				GCC_WARN_UNINITIALIZED_AUTOS = YES_AGGRESSIVE;
				GCC_WARN_UNUSED_FUNCTION = YES;
				GCC_WARN_UNUSED_VARIABLE = YES;
				IPHONEOS_DEPLOYMENT_TARGET = 16.4;
				MTL_ENABLE_DEBUG_INFO = NO;
				MTL_FAST_MATH = YES;
				SDKROOT = iphoneos;
				SWIFT_COMPILATION_MODE = wholemodule;
				SWIFT_OPTIMIZATION_LEVEL = "-O";
				VALIDATE_PRODUCT = YES;
			};
			name = Release;
		};
		2C0D08F52AE5E7C300A6CDCC /* Debug */ = {
			isa = XCBuildConfiguration;
			buildSettings = {
				ASSETCATALOG_COMPILER_APPICON_NAME = AppIcon;
				ASSETCATALOG_COMPILER_GLOBAL_ACCENT_COLOR_NAME = AccentColor;
				CODE_SIGN_STYLE = Automatic;
				CURRENT_PROJECT_VERSION = 1;
				DEVELOPMENT_ASSET_PATHS = "\"MemoryGame/Preview Content\"";
				ENABLE_PREVIEWS = YES;
				GENERATE_INFOPLIST_FILE = YES;
				INFOPLIST_KEY_UIApplicationSceneManifest_Generation = YES;
				INFOPLIST_KEY_UIApplicationSupportsIndirectInputEvents = YES;
				INFOPLIST_KEY_UILaunchScreen_Generation = YES;
				INFOPLIST_KEY_UISupportedInterfaceOrientations_iPad = "UIInterfaceOrientationPortrait UIInterfaceOrientationPortraitUpsideDown UIInterfaceOrientationLandscapeLeft UIInterfaceOrientationLandscapeRight";
				INFOPLIST_KEY_UISupportedInterfaceOrientations_iPhone = "UIInterfaceOrientationPortrait UIInterfaceOrientationLandscapeLeft UIInterfaceOrientationLandscapeRight";
				LD_RUNPATH_SEARCH_PATHS = (
					"$(inherited)",
					"@executable_path/Frameworks",
				);
				MARKETING_VERSION = 1.0;
				PRODUCT_BUNDLE_IDENTIFIER = com.matsuyama.MemoryGame;
				PRODUCT_NAME = "$(TARGET_NAME)";
				SWIFT_EMIT_LOC_STRINGS = YES;
				SWIFT_VERSION = 5.0;
				TARGETED_DEVICE_FAMILY = "1,2";
			};
			name = Debug;
		};
		2C0D08F62AE5E7C300A6CDCC /* Release */ = {
			isa = XCBuildConfiguration;
			buildSettings = {
				ASSETCATALOG_COMPILER_APPICON_NAME = AppIcon;
				ASSETCATALOG_COMPILER_GLOBAL_ACCENT_COLOR_NAME = AccentColor;
				CODE_SIGN_STYLE = Automatic;
				CURRENT_PROJECT_VERSION = 1;
				DEVELOPMENT_ASSET_PATHS = "\"MemoryGame/Preview Content\"";
				ENABLE_PREVIEWS = YES;
				GENERATE_INFOPLIST_FILE = YES;
				INFOPLIST_KEY_UIApplicationSceneManifest_Generation = YES;
				INFOPLIST_KEY_UIApplicationSupportsIndirectInputEvents = YES;
				INFOPLIST_KEY_UILaunchScreen_Generation = YES;
				INFOPLIST_KEY_UISupportedInterfaceOrientations_iPad = "UIInterfaceOrientationPortrait UIInterfaceOrientationPortraitUpsideDown UIInterfaceOrientationLandscapeLeft UIInterfaceOrientationLandscapeRight";
				INFOPLIST_KEY_UISupportedInterfaceOrientations_iPhone = "UIInterfaceOrientationPortrait UIInterfaceOrientationLandscapeLeft UIInterfaceOrientationLandscapeRight";
				LD_RUNPATH_SEARCH_PATHS = (
					"$(inherited)",
					"@executable_path/Frameworks",
				);
				MARKETING_VERSION = 1.0;
				PRODUCT_BUNDLE_IDENTIFIER = com.matsuyama.MemoryGame;
				PRODUCT_NAME = "$(TARGET_NAME)";
				SWIFT_EMIT_LOC_STRINGS = YES;
				SWIFT_VERSION = 5.0;
				TARGETED_DEVICE_FAMILY = "1,2";
			};
			name = Release;
		};
		2C0D08F82AE5E7C300A6CDCC /* Debug */ = {
			isa = XCBuildConfiguration;
			buildSettings = {
				ALWAYS_EMBED_SWIFT_STANDARD_LIBRARIES = YES;
				BUNDLE_LOADER = "$(TEST_HOST)";
				CODE_SIGN_STYLE = Automatic;
				CURRENT_PROJECT_VERSION = 1;
				GENERATE_INFOPLIST_FILE = YES;
				IPHONEOS_DEPLOYMENT_TARGET = 16.4;
				MARKETING_VERSION = 1.0;
				PRODUCT_BUNDLE_IDENTIFIER = com.matsuyama.MemoryGameTests;
				PRODUCT_NAME = "$(TARGET_NAME)";
				SWIFT_EMIT_LOC_STRINGS = NO;
				SWIFT_VERSION = 5.0;
				TARGETED_DEVICE_FAMILY = "1,2";
				TEST_HOST = "$(BUILT_PRODUCTS_DIR)/MemoryGame.app/$(BUNDLE_EXECUTABLE_FOLDER_PATH)/MemoryGame";
			};
			name = Debug;
		};
		2C0D08F92AE5E7C300A6CDCC /* Release */ = {
			isa = XCBuildConfiguration;
			buildSettings = {
				ALWAYS_EMBED_SWIFT_STANDARD_LIBRARIES = YES;
				BUNDLE_LOADER = "$(TEST_HOST)";
				CODE_SIGN_STYLE = Automatic;
				CURRENT_PROJECT_VERSION = 1;
				GENERATE_INFOPLIST_FILE = YES;
				IPHONEOS_DEPLOYMENT_TARGET = 16.4;
				MARKETING_VERSION = 1.0;
				PRODUCT_BUNDLE_IDENTIFIER = com.matsuyama.MemoryGameTests;
				PRODUCT_NAME = "$(TARGET_NAME)";
				SWIFT_EMIT_LOC_STRINGS = NO;
				SWIFT_VERSION = 5.0;
				TARGETED_DEVICE_FAMILY = "1,2";
				TEST_HOST = "$(BUILT_PRODUCTS_DIR)/MemoryGame.app/$(BUNDLE_EXECUTABLE_FOLDER_PATH)/MemoryGame";
			};
			name = Release;
		};
		2C0D08FB2AE5E7C300A6CDCC /* Debug */ = {
			isa = XCBuildConfiguration;
			buildSettings = {
				ALWAYS_EMBED_SWIFT_STANDARD_LIBRARIES = YES;
				CODE_SIGN_STYLE = Automatic;
				CURRENT_PROJECT_VERSION = 1;
				GENERATE_INFOPLIST_FILE = YES;
				MARKETING_VERSION = 1.0;
				PRODUCT_BUNDLE_IDENTIFIER = com.matsuyama.MemoryGameUITests;
				PRODUCT_NAME = "$(TARGET_NAME)";
				SWIFT_EMIT_LOC_STRINGS = NO;
				SWIFT_VERSION = 5.0;
				TARGETED_DEVICE_FAMILY = "1,2";
				TEST_TARGET_NAME = MemoryGame;
			};
			name = Debug;
		};
		2C0D08FC2AE5E7C300A6CDCC /* Release */ = {
			isa = XCBuildConfiguration;
			buildSettings = {
				ALWAYS_EMBED_SWIFT_STANDARD_LIBRARIES = YES;
				CODE_SIGN_STYLE = Automatic;
				CURRENT_PROJECT_VERSION = 1;
				GENERATE_INFOPLIST_FILE = YES;
				MARKETING_VERSION = 1.0;
				PRODUCT_BUNDLE_IDENTIFIER = com.matsuyama.MemoryGameUITests;
				PRODUCT_NAME = "$(TARGET_NAME)";
				SWIFT_EMIT_LOC_STRINGS = NO;
				SWIFT_VERSION = 5.0;
				TARGETED_DEVICE_FAMILY = "1,2";
				TEST_TARGET_NAME = MemoryGame;
			};
			name = Release;
		};
/* End XCBuildConfiguration section */

/* Begin XCConfigurationList section */
		2C0D08CB2AE5E7C100A6CDCC /* Build configuration list for PBXProject "MemoryGame" */ = {
			isa = XCConfigurationList;
			buildConfigurations = (
				2C0D08F22AE5E7C300A6CDCC /* Debug */,
				2C0D08F32AE5E7C300A6CDCC /* Release */,
			);
			defaultConfigurationIsVisible = 0;
			defaultConfigurationName = Release;
		};
		2C0D08F42AE5E7C300A6CDCC /* Build configuration list for PBXNativeTarget "MemoryGame" */ = {
			isa = XCConfigurationList;
			buildConfigurations = (
				2C0D08F52AE5E7C300A6CDCC /* Debug */,
				2C0D08F62AE5E7C300A6CDCC /* Release */,
			);
			defaultConfigurationIsVisible = 0;
			defaultConfigurationName = Release;
		};
		2C0D08F72AE5E7C300A6CDCC /* Build configuration list for PBXNativeTarget "MemoryGameTests" */ = {
			isa = XCConfigurationList;
			buildConfigurations = (
				2C0D08F82AE5E7C300A6CDCC /* Debug */,
				2C0D08F92AE5E7C300A6CDCC /* Release */,
			);
			defaultConfigurationIsVisible = 0;
			defaultConfigurationName = Release;
		};
		2C0D08FA2AE5E7C300A6CDCC /* Build configuration list for PBXNativeTarget "MemoryGameUITests" */ = {
			isa = XCConfigurationList;
			buildConfigurations = (
				2C0D08FB2AE5E7C300A6CDCC /* Debug */,
				2C0D08FC2AE5E7C300A6CDCC /* Release */,
			);
			defaultConfigurationIsVisible = 0;
			defaultConfigurationName = Release;
		};
/* End XCConfigurationList section */
	};
	rootObject = 2C0D08C82AE5E7C100A6CDCC /* Project object */;
}
